
Microsoft Visual Studio Solution File, Format Version 12.00
# Visual Studio 15
VisualStudioVersion = 15.0.28010.2046
MinimumVisualStudioVersion = 10.0.40219.1
Project("{FAE04EC0-301F-11D3-BF4B-00C04F79EFBC}") = "EggHeadWeb", "EggHeadWeb\EggHeadWeb.csproj", "{764263E1-0999-42FB-9A22-1372B6C16F09}"
EndProject
Global
	GlobalSection(SolutionConfigurationPlatforms) = preSolution
		Debug|Any CPU = Debug|Any CPU
		Release|Any CPU = Release|Any CPU
	EndGlobalSection
	GlobalSection(ProjectConfigurationPlatforms) = postSolution
		{764263E1-0999-42FB-9A22-1372B6C16F09}.Debug|Any CPU.ActiveCfg = Debug|Any CPU
		{764263E1-0999-42FB-9A22-1372B6C16F09}.Debug|Any CPU.Build.0 = Debug|Any CPU
		{764263E1-0999-42FB-9A22-1372B6C16F09}.Release|Any CPU.ActiveCfg = Release|Any CPU
		{764263E1-0999-42FB-9A22-1372B6C16F09}.Release|Any CPU.Build.0 = Release|Any CPU
	EndGlobalSection
	GlobalSection(SolutionProperties) = preSolution
		HideSolutionNode = FALSE
	EndGlobalSection
	GlobalSection(ExtensibilityGlobals) = postSolution
		SolutionGuid = {647E6801-59D1-420E-9E78-AC69D71FB74C}
	EndGlobalSection
EndGlobal
